
Microsoft Visual Studio Solution File, Format Version 12.00
# Visual Studio 15
Project("{FAE04EC0-301F-11D3-BF4B-00C04F79EFBC}") = "ID_IoC_Moq", "ID_IoC_Moq\ID_IoC_Moq.csproj", "{30B07BFF-8E63-48FF-BFEC-BE9CC3D6CE8E}"
EndProject
Project("{FAE04EC0-301F-11D3-BF4B-00C04F79EFBC}") = "ID_IoC_Moq.UnitTest", "ID_IoC_Moq.UnitTest\ID_IoC_Moq.UnitTest.csproj", "{0CAB9FD2-EEC5-4A94-A3B6-E7FC50A5E014}"
EndProject
Global
	GlobalSection(SolutionConfigurationPlatforms) = preSolution
		Debug|Any CPU = Debug|Any CPU
		Release|Any CPU = Release|Any CPU
	EndGlobalSection
	GlobalSection(ProjectConfigurationPlatforms) = postSolution
		{30B07BFF-8E63-48FF-BFEC-BE9CC3D6CE8E}.Debug|Any CPU.ActiveCfg = Debug|Any CPU
		{30B07BFF-8E63-48FF-BFEC-BE9CC3D6CE8E}.Debug|Any CPU.Build.0 = Debug|Any CPU
		{30B07BFF-8E63-48FF-BFEC-BE9CC3D6CE8E}.Release|Any CPU.ActiveCfg = Release|Any CPU
		{30B07BFF-8E63-48FF-BFEC-BE9CC3D6CE8E}.Release|Any CPU.Build.0 = Release|Any CPU
		{0CAB9FD2-EEC5-4A94-A3B6-E7FC50A5E014}.Debug|Any CPU.ActiveCfg = Debug|Any CPU
		{0CAB9FD2-EEC5-4A94-A3B6-E7FC50A5E014}.Debug|Any CPU.Build.0 = Debug|Any CPU
		{0CAB9FD2-EEC5-4A94-A3B6-E7FC50A5E014}.Release|Any CPU.ActiveCfg = Release|Any CPU
		{0CAB9FD2-EEC5-4A94-A3B6-E7FC50A5E014}.Release|Any CPU.Build.0 = Release|Any CPU
	EndGlobalSection
EndGlobal
